
Microsoft Visual Studio Solution File, Format Version 12.00
# Visual Studio Version 17
VisualStudioVersion = 17.0.31903.59
MinimumVisualStudioVersion = 10.0.40219.1
Project("{2150E333-8FDC-42A3-9474-1A3956D46DE8}") = "src", "src", "{2D9841FE-8C1F-48CC-8920-E00B2B2D5C18}"
EndProject
Project("{FAE04EC0-301F-11D3-BF4B-00C04F79EFBC}") = "StackContract.Core", "src\StackContract.Core\StackContract.Core.csproj", "{D0BFB88F-BB49-4BEA-A20F-69EF93B4BA0B}"
EndProject
Project("{FAE04EC0-301F-11D3-BF4B-00C04F79EFBC}") = "StackContract.Compose", "src\StackContract.Compose\StackContract.Compose.csproj", "{A16E4BE5-A189-4957-8A1E-B1C5B7EE14AF}"
EndProject
Project("{FAE04EC0-301F-11D3-BF4B-00C04F79EFBC}") = "StackContract.Env", "src\StackContract.Env\StackContract.Env.csproj", "{44BDFCB6-FFCA-40BE-A34A-B9E6130F2562}"
EndProject
Project("{FAE04EC0-301F-11D3-BF4B-00C04F79EFBC}") = "StackContract.Options", "src\StackContract.Options\StackContract.Options.csproj", "{6F8AF52B-410C-4027-B4AA-5126AC467173}"
EndProject
Project("{FAE04EC0-301F-11D3-BF4B-00C04F79EFBC}") = "StackContract.Engine", "src\StackContract.Engine\StackContract.Engine.csproj", "{21E79B75-2FEE-45BD-925D-5AE2517A77E3}"
EndProject
Project("{FAE04EC0-301F-11D3-BF4B-00C04F79EFBC}") = "StackContract.Cli", "src\StackContract.Cli\StackContract.Cli.csproj", "{E97231E1-3CB9-4515-8589-E0B7A19E932E}"
EndProject
Project("{FAE04EC0-301F-11D3-BF4B-00C04F79EFBC}") = "StackContract.AspNetCore", "src\StackContract.AspNetCore\StackContract.AspNetCore.csproj", "{1EB760CA-5F18-4446-A751-BC275B419953}"
EndProject
Project("{2150E333-8FDC-42A3-9474-1A3956D46DE8}") = "test", "test", "{56B016BE-ACC7-413B-96F6-9109597564BC}"
EndProject
Project("{FAE04EC0-301F-11D3-BF4B-00C04F79EFBC}") = "StackContract.Tests", "test\StackContract.Tests\StackContract.Tests.csproj", "{373C36EC-FD05-4B88-A5B2-40D544CFC539}"
EndProject
Project("{2150E333-8FDC-42A3-9474-1A3956D46DE8}") = "samples", "samples", "{E32CE1E3-8135-4A11-B635-BE73B874CC2E}"
EndProject
Project("{FAE04EC0-301F-11D3-BF4B-00C04F79EFBC}") = "AspNetComposeSample", "samples\aspnet-compose\AspNetComposeSample.csproj", "{BA3C19F0-3E7E-4091-A8F0-FE5CDB0A2D34}"
EndProject
Project("{FAE04EC0-301F-11D3-BF4B-00C04F79EFBC}") = "StackContract.AppSettings", "src\StackContract.AppSettings\StackContract.AppSettings.csproj", "{D37D8F39-6923-4C61-826B-4DF61C9F828C}"
EndProject
Global
	GlobalSection(SolutionConfigurationPlatforms) = preSolution
		Debug|Any CPU = Debug|Any CPU
		Debug|x64 = Debug|x64
		Debug|x86 = Debug|x86
		Release|Any CPU = Release|Any CPU
		Release|x64 = Release|x64
		Release|x86 = Release|x86
	EndGlobalSection
	GlobalSection(ProjectConfigurationPlatforms) = postSolution
		{D0BFB88F-BB49-4BEA-A20F-69EF93B4BA0B}.Debug|Any CPU.ActiveCfg = Debug|Any CPU
		{D0BFB88F-BB49-4BEA-A20F-69EF93B4BA0B}.Debug|Any CPU.Build.0 = Debug|Any CPU
		{D0BFB88F-BB49-4BEA-A20F-69EF93B4BA0B}.Debug|x64.ActiveCfg = Debug|Any CPU
		{D0BFB88F-BB49-4BEA-A20F-69EF93B4BA0B}.Debug|x64.Build.0 = Debug|Any CPU
		{D0BFB88F-BB49-4BEA-A20F-69EF93B4BA0B}.Debug|x86.ActiveCfg = Debug|Any CPU
		{D0BFB88F-BB49-4BEA-A20F-69EF93B4BA0B}.Debug|x86.Build.0 = Debug|Any CPU
		{D0BFB88F-BB49-4BEA-A20F-69EF93B4BA0B}.Release|Any CPU.ActiveCfg = Release|Any CPU
		{D0BFB88F-BB49-4BEA-A20F-69EF93B4BA0B}.Release|Any CPU.Build.0 = Release|Any CPU
		{D0BFB88F-BB49-4BEA-A20F-69EF93B4BA0B}.Release|x64.ActiveCfg = Release|Any CPU
		{D0BFB88F-BB49-4BEA-A20F-69EF93B4BA0B}.Release|x64.Build.0 = Release|Any CPU
		{D0BFB88F-BB49-4BEA-A20F-69EF93B4BA0B}.Release|x86.ActiveCfg = Release|Any CPU
		{D0BFB88F-BB49-4BEA-A20F-69EF93B4BA0B}.Release|x86.Build.0 = Release|Any CPU
		{A16E4BE5-A189-4957-8A1E-B1C5B7EE14AF}.Debug|Any CPU.ActiveCfg = Debug|Any CPU
		{A16E4BE5-A189-4957-8A1E-B1C5B7EE14AF}.Debug|Any CPU.Build.0 = Debug|Any CPU
		{A16E4BE5-A189-4957-8A1E-B1C5B7EE14AF}.Debug|x64.ActiveCfg = Debug|Any CPU
		{A16E4BE5-A189-4957-8A1E-B1C5B7EE14AF}.Debug|x64.Build.0 = Debug|Any CPU
		{A16E4BE5-A189-4957-8A1E-B1C5B7EE14AF}.Debug|x86.ActiveCfg = Debug|Any CPU
		{A16E4BE5-A189-4957-8A1E-B1C5B7EE14AF}.Debug|x86.Build.0 = Debug|Any CPU
		{A16E4BE5-A189-4957-8A1E-B1C5B7EE14AF}.Release|Any CPU.ActiveCfg = Release|Any CPU
		{A16E4BE5-A189-4957-8A1E-B1C5B7EE14AF}.Release|Any CPU.Build.0 = Release|Any CPU
		{A16E4BE5-A189-4957-8A1E-B1C5B7EE14AF}.Release|x64.ActiveCfg = Release|Any CPU
		{A16E4BE5-A189-4957-8A1E-B1C5B7EE14AF}.Release|x64.Build.0 = Release|Any CPU
		{A16E4BE5-A189-4957-8A1E-B1C5B7EE14AF}.Release|x86.ActiveCfg = Release|Any CPU
		{A16E4BE5-A189-4957-8A1E-B1C5B7EE14AF}.Release|x86.Build.0 = Release|Any CPU
		{44BDFCB6-FFCA-40BE-A34A-B9E6130F2562}.Debug|Any CPU.ActiveCfg = Debug|Any CPU
		{44BDFCB6-FFCA-40BE-A34A-B9E6130F2562}.Debug|Any CPU.Build.0 = Debug|Any CPU
		{44BDFCB6-FFCA-40BE-A34A-B9E6130F2562}.Debug|x64.ActiveCfg = Debug|Any CPU
		{44BDFCB6-FFCA-40BE-A34A-B9E6130F2562}.Debug|x64.Build.0 = Debug|Any CPU
		{44BDFCB6-FFCA-40BE-A34A-B9E6130F2562}.Debug|x86.ActiveCfg = Debug|Any CPU
		{44BDFCB6-FFCA-40BE-A34A-B9E6130F2562}.Debug|x86.Build.0 = Debug|Any CPU
		{44BDFCB6-FFCA-40BE-A34A-B9E6130F2562}.Release|Any CPU.ActiveCfg = Release|Any CPU
		{44BDFCB6-FFCA-40BE-A34A-B9E6130F2562}.Release|Any CPU.Build.0 = Release|Any CPU
		{44BDFCB6-FFCA-40BE-A34A-B9E6130F2562}.Release|x64.ActiveCfg = Release|Any CPU
		{44BDFCB6-FFCA-40BE-A34A-B9E6130F2562}.Release|x64.Build.0 = Release|Any CPU
		{44BDFCB6-FFCA-40BE-A34A-B9E6130F2562}.Release|x86.ActiveCfg = Release|Any CPU
		{44BDFCB6-FFCA-40BE-A34A-B9E6130F2562}.Release|x86.Build.0 = Release|Any CPU
		{6F8AF52B-410C-4027-B4AA-5126AC467173}.Debug|Any CPU.ActiveCfg = Debug|Any CPU
		{6F8AF52B-410C-4027-B4AA-5126AC467173}.Debug|Any CPU.Build.0 = Debug|Any CPU
		{6F8AF52B-410C-4027-B4AA-5126AC467173}.Debug|x64.ActiveCfg = Debug|Any CPU
		{6F8AF52B-410C-4027-B4AA-5126AC467173}.Debug|x64.Build.0 = Debug|Any CPU
		{6F8AF52B-410C-4027-B4AA-5126AC467173}.Debug|x86.ActiveCfg = Debug|Any CPU
		{6F8AF52B-410C-4027-B4AA-5126AC467173}.Debug|x86.Build.0 = Debug|Any CPU
		{6F8AF52B-410C-4027-B4AA-5126AC467173}.Release|Any CPU.ActiveCfg = Release|Any CPU
		{6F8AF52B-410C-4027-B4AA-5126AC467173}.Release|Any CPU.Build.0 = Release|Any CPU
		{6F8AF52B-410C-4027-B4AA-5126AC467173}.Release|x64.ActiveCfg = Release|Any CPU
		{6F8AF52B-410C-4027-B4AA-5126AC467173}.Release|x64.Build.0 = Release|Any CPU
		{6F8AF52B-410C-4027-B4AA-5126AC467173}.Release|x86.ActiveCfg = Release|Any CPU
		{6F8AF52B-410C-4027-B4AA-5126AC467173}.Release|x86.Build.0 = Release|Any CPU
		{21E79B75-2FEE-45BD-925D-5AE2517A77E3}.Debug|Any CPU.ActiveCfg = Debug|Any CPU
		{21E79B75-2FEE-45BD-925D-5AE2517A77E3}.Debug|Any CPU.Build.0 = Debug|Any CPU
		{21E79B75-2FEE-45BD-925D-5AE2517A77E3}.Debug|x64.ActiveCfg = Debug|Any CPU
		{21E79B75-2FEE-45BD-925D-5AE2517A77E3}.Debug|x64.Build.0 = Debug|Any CPU
		{21E79B75-2FEE-45BD-925D-5AE2517A77E3}.Debug|x86.ActiveCfg = Debug|Any CPU
		{21E79B75-2FEE-45BD-925D-5AE2517A77E3}.Debug|x86.Build.0 = Debug|Any CPU
		{21E79B75-2FEE-45BD-925D-5AE2517A77E3}.Release|Any CPU.ActiveCfg = Release|Any CPU
		{21E79B75-2FEE-45BD-925D-5AE2517A77E3}.Release|Any CPU.Build.0 = Release|Any CPU
		{21E79B75-2FEE-45BD-925D-5AE2517A77E3}.Release|x64.ActiveCfg = Release|Any CPU
		{21E79B75-2FEE-45BD-925D-5AE2517A77E3}.Release|x64.Build.0 = Release|Any CPU
		{21E79B75-2FEE-45BD-925D-5AE2517A77E3}.Release|x86.ActiveCfg = Release|Any CPU
		{21E79B75-2FEE-45BD-925D-5AE2517A77E3}.Release|x86.Build.0 = Release|Any CPU
		{E97231E1-3CB9-4515-8589-E0B7A19E932E}.Debug|Any CPU.ActiveCfg = Debug|Any CPU
		{E97231E1-3CB9-4515-8589-E0B7A19E932E}.Debug|Any CPU.Build.0 = Debug|Any CPU
		{E97231E1-3CB9-4515-8589-E0B7A19E932E}.Debug|x64.ActiveCfg = Debug|Any CPU
		{E97231E1-3CB9-4515-8589-E0B7A19E932E}.Debug|x64.Build.0 = Debug|Any CPU
		{E97231E1-3CB9-4515-8589-E0B7A19E932E}.Debug|x86.ActiveCfg = Debug|Any CPU
		{E97231E1-3CB9-4515-8589-E0B7A19E932E}.Debug|x86.Build.0 = Debug|Any CPU
		{E97231E1-3CB9-4515-8589-E0B7A19E932E}.Release|Any CPU.ActiveCfg = Release|Any CPU
		{E97231E1-3CB9-4515-8589-E0B7A19E932E}.Release|Any CPU.Build.0 = Release|Any CPU
		{E97231E1-3CB9-4515-8589-E0B7A19E932E}.Release|x64.ActiveCfg = Release|Any CPU
		{E97231E1-3CB9-4515-8589-E0B7A19E932E}.Release|x64.Build.0 = Release|Any CPU
		{E97231E1-3CB9-4515-8589-E0B7A19E932E}.Release|x86.ActiveCfg = Release|Any CPU
		{E97231E1-3CB9-4515-8589-E0B7A19E932E}.Release|x86.Build.0 = Release|Any CPU
		{1EB760CA-5F18-4446-A751-BC275B419953}.Debug|Any CPU.ActiveCfg = Debug|Any CPU
		{1EB760CA-5F18-4446-A751-BC275B419953}.Debug|Any CPU.Build.0 = Debug|Any CPU
		{1EB760CA-5F18-4446-A751-BC275B419953}.Debug|x64.ActiveCfg = Debug|Any CPU
		{1EB760CA-5F18-4446-A751-BC275B419953}.Debug|x64.Build.0 = Debug|Any CPU
		{1EB760CA-5F18-4446-A751-BC275B419953}.Debug|x86.ActiveCfg = Debug|Any CPU
		{1EB760CA-5F18-4446-A751-BC275B419953}.Debug|x86.Build.0 = Debug|Any CPU
		{1EB760CA-5F18-4446-A751-BC275B419953}.Release|Any CPU.ActiveCfg = Release|Any CPU
		{1EB760CA-5F18-4446-A751-BC275B419953}.Release|Any CPU.Build.0 = Release|Any CPU
		{1EB760CA-5F18-4446-A751-BC275B419953}.Release|x64.ActiveCfg = Release|Any CPU
		{1EB760CA-5F18-4446-A751-BC275B419953}.Release|x64.Build.0 = Release|Any CPU
		{1EB760CA-5F18-4446-A751-BC275B419953}.Release|x86.ActiveCfg = Release|Any CPU
		{1EB760CA-5F18-4446-A751-BC275B419953}.Release|x86.Build.0 = Release|Any CPU
		{373C36EC-FD05-4B88-A5B2-40D544CFC539}.Debug|Any CPU.ActiveCfg = Debug|Any CPU
		{373C36EC-FD05-4B88-A5B2-40D544CFC539}.Debug|Any CPU.Build.0 = Debug|Any CPU
		{373C36EC-FD05-4B88-A5B2-40D544CFC539}.Debug|x64.ActiveCfg = Debug|Any CPU
		{373C36EC-FD05-4B88-A5B2-40D544CFC539}.Debug|x64.Build.0 = Debug|Any CPU
		{373C36EC-FD05-4B88-A5B2-40D544CFC539}.Debug|x86.ActiveCfg = Debug|Any CPU
		{373C36EC-FD05-4B88-A5B2-40D544CFC539}.Debug|x86.Build.0 = Debug|Any CPU
		{373C36EC-FD05-4B88-A5B2-40D544CFC539}.Release|Any CPU.ActiveCfg = Release|Any CPU
		{373C36EC-FD05-4B88-A5B2-40D544CFC539}.Release|Any CPU.Build.0 = Release|Any CPU
		{373C36EC-FD05-4B88-A5B2-40D544CFC539}.Release|x64.ActiveCfg = Release|Any CPU
		{373C36EC-FD05-4B88-A5B2-40D544CFC539}.Release|x64.Build.0 = Release|Any CPU
		{373C36EC-FD05-4B88-A5B2-40D544CFC539}.Release|x86.ActiveCfg = Release|Any CPU
		{373C36EC-FD05-4B88-A5B2-40D544CFC539}.Release|x86.Build.0 = Release|Any CPU
		{BA3C19F0-3E7E-4091-A8F0-FE5CDB0A2D34}.Debug|Any CPU.ActiveCfg = Debug|Any CPU
		{BA3C19F0-3E7E-4091-A8F0-FE5CDB0A2D34}.Debug|Any CPU.Build.0 = Debug|Any CPU
		{BA3C19F0-3E7E-4091-A8F0-FE5CDB0A2D34}.Debug|x64.ActiveCfg = Debug|Any CPU
		{BA3C19F0-3E7E-4091-A8F0-FE5CDB0A2D34}.Debug|x64.Build.0 = Debug|Any CPU
		{BA3C19F0-3E7E-4091-A8F0-FE5CDB0A2D34}.Debug|x86.ActiveCfg = Debug|Any CPU
		{BA3C19F0-3E7E-4091-A8F0-FE5CDB0A2D34}.Debug|x86.Build.0 = Debug|Any CPU
		{BA3C19F0-3E7E-4091-A8F0-FE5CDB0A2D34}.Release|Any CPU.ActiveCfg = Release|Any CPU
		{BA3C19F0-3E7E-4091-A8F0-FE5CDB0A2D34}.Release|Any CPU.Build.0 = Release|Any CPU
		{BA3C19F0-3E7E-4091-A8F0-FE5CDB0A2D34}.Release|x64.ActiveCfg = Release|Any CPU
		{BA3C19F0-3E7E-4091-A8F0-FE5CDB0A2D34}.Release|x64.Build.0 = Release|Any CPU
		{BA3C19F0-3E7E-4091-A8F0-FE5CDB0A2D34}.Release|x86.ActiveCfg = Release|Any CPU
		{BA3C19F0-3E7E-4091-A8F0-FE5CDB0A2D34}.Release|x86.Build.0 = Release|Any CPU
		{D37D8F39-6923-4C61-826B-4DF61C9F828C}.Debug|Any CPU.ActiveCfg = Debug|Any CPU
		{D37D8F39-6923-4C61-826B-4DF61C9F828C}.Debug|Any CPU.Build.0 = Debug|Any CPU
		{D37D8F39-6923-4C61-826B-4DF61C9F828C}.Debug|x64.ActiveCfg = Debug|Any CPU
		{D37D8F39-6923-4C61-826B-4DF61C9F828C}.Debug|x64.Build.0 = Debug|Any CPU
		{D37D8F39-6923-4C61-826B-4DF61C9F828C}.Debug|x86.ActiveCfg = Debug|Any CPU
		{D37D8F39-6923-4C61-826B-4DF61C9F828C}.Debug|x86.Build.0 = Debug|Any CPU
		{D37D8F39-6923-4C61-826B-4DF61C9F828C}.Release|Any CPU.ActiveCfg = Release|Any CPU
		{D37D8F39-6923-4C61-826B-4DF61C9F828C}.Release|Any CPU.Build.0 = Release|Any CPU
		{D37D8F39-6923-4C61-826B-4DF61C9F828C}.Release|x64.ActiveCfg = Release|Any CPU
		{D37D8F39-6923-4C61-826B-4DF61C9F828C}.Release|x64.Build.0 = Release|Any CPU
		{D37D8F39-6923-4C61-826B-4DF61C9F828C}.Release|x86.ActiveCfg = Release|Any CPU
		{D37D8F39-6923-4C61-826B-4DF61C9F828C}.Release|x86.Build.0 = Release|Any CPU
	EndGlobalSection
	GlobalSection(SolutionProperties) = preSolution
		HideSolutionNode = FALSE
	EndGlobalSection
	GlobalSection(NestedProjects) = preSolution
		{D0BFB88F-BB49-4BEA-A20F-69EF93B4BA0B} = {2D9841FE-8C1F-48CC-8920-E00B2B2D5C18}
		{A16E4BE5-A189-4957-8A1E-B1C5B7EE14AF} = {2D9841FE-8C1F-48CC-8920-E00B2B2D5C18}
		{44BDFCB6-FFCA-40BE-A34A-B9E6130F2562} = {2D9841FE-8C1F-48CC-8920-E00B2B2D5C18}
		{6F8AF52B-410C-4027-B4AA-5126AC467173} = {2D9841FE-8C1F-48CC-8920-E00B2B2D5C18}
		{21E79B75-2FEE-45BD-925D-5AE2517A77E3} = {2D9841FE-8C1F-48CC-8920-E00B2B2D5C18}
		{E97231E1-3CB9-4515-8589-E0B7A19E932E} = {2D9841FE-8C1F-48CC-8920-E00B2B2D5C18}
		{1EB760CA-5F18-4446-A751-BC275B419953} = {2D9841FE-8C1F-48CC-8920-E00B2B2D5C18}
		{373C36EC-FD05-4B88-A5B2-40D544CFC539} = {56B016BE-ACC7-413B-96F6-9109597564BC}
		{BA3C19F0-3E7E-4091-A8F0-FE5CDB0A2D34} = {E32CE1E3-8135-4A11-B635-BE73B874CC2E}
		{D37D8F39-6923-4C61-826B-4DF61C9F828C} = {2D9841FE-8C1F-48CC-8920-E00B2B2D5C18}
	EndGlobalSection
EndGlobal
